PODS:
  - boost-for-react-native (1.63.0)
  - DoubleConversion (1.1.6)
  - Folly (2018.10.22.00):
    - boost-for-react-native
    - DoubleConversion
    - glog
  - glog (0.3.5)
  - JKBigInteger2 (0.0.5)
  - React (0.58.6):
    - React/Core (= 0.58.6)
  - react-native-geolocation (2.0.2):
    - React
  - React/Core (0.58.6):
    - yoga (= 0.58.6.React)
  - RNAWSCognito (3.3.3):
    - JKBigInteger2 (= 0.0.5)
    - React
  - RNCPushNotificationIOS (1.1.0):
    - React
  - RNFS (2.16.6):
    - React
  - RNGestureHandler (1.6.0):
    - React
  - RNSound (0.10.12):
    - React/Core
    - RNSound/Core (= 0.10.12)
  - RNSound/Core (0.10.12):
    - React/Core
  - RNSVG (9.13.6):
    - React
  - RNVectorIcons (4.6.0):
    - React
  - yoga (0.58.6.React)

DEPENDENCIES:
  - DoubleConversion (from `../node_modules/react-native/third-party-podspecs/DoubleConversion.podspec`)
  - Folly (from `../node_modules/react-native/third-party-podspecs/Folly.podspec`)
  - glog (from `../node_modules/react-native/third-party-podspecs/glog.podspec`)
  - React (from `../node_modules/react-native/`)
  - "react-native-geolocation (from `../node_modules/@react-native-community/geolocation`)"
  - RNAWSCognito (from `../node_modules/amazon-cognito-identity-js`)
  - "RNCPushNotificationIOS (from `../node_modules/@react-native-community/push-notification-ios`)"
  - RNFS (from `../node_modules/react-native-fs`)
  - RNGestureHandler (from `../node_modules/react-native-gesture-handler`)
  - RNSound (from `../node_modules/react-native-sound`)
  - RNSVG (from `../node_modules/react-native-svg`)
  - RNVectorIcons (from `../node_modules/react-native-vector-icons`)
  - yoga (from `../node_modules/react-native/ReactCommon/yoga/yoga.podspec`)

SPEC REPOS:
  https://github.com/CocoaPods/Specs.git:
    - boost-for-react-native
    - JKBigInteger2

EXTERNAL SOURCES:
  DoubleConversion:
    :podspec: "../node_modules/react-native/third-party-podspecs/DoubleConversion.podspec"
  Folly:
    :podspec: "../node_modules/react-native/third-party-podspecs/Folly.podspec"
  glog:
    :podspec: "../node_modules/react-native/third-party-podspecs/glog.podspec"
  React:
    :path: "../node_modules/react-native/"
  react-native-geolocation:
    :path: "../node_modules/@react-native-community/geolocation"
  RNAWSCognito:
    :path: "../node_modules/amazon-cognito-identity-js"
  RNCPushNotificationIOS:
    :path: "../node_modules/@react-native-community/push-notification-ios"
  RNFS:
    :path: "../node_modules/react-native-fs"
  RNGestureHandler:
    :path: "../node_modules/react-native-gesture-handler"
  RNSound:
    :path: "../node_modules/react-native-sound"
  RNSVG:
    :path: "../node_modules/react-native-svg"
  RNVectorIcons:
    :path: "../node_modules/react-native-vector-icons"
  yoga:
    :path: "../node_modules/react-native/ReactCommon/yoga/yoga.podspec"
    :tag: 0.58.5.React

SPEC CHECKSUMS:
  boost-for-react-native: 39c7adb57c4e60d6c5479dd8623128eb5b3f0f2c
  DoubleConversion: bb338842f62ab1d708ceb63ec3d999f0f3d98ecd
  Folly: de497beb10f102453a1afa9edbf8cf8a251890de
  glog: aefd1eb5dda2ab95ba0938556f34b98e2da3a60d
  JKBigInteger2: e91672035c42328c48b7dd015b66812ddf40ca9b
  React: 130b87b2d5e2baac646954282cab87be986d98fc
  react-native-geolocation: c956aeb136625c23e0dce0467664af2c437888c9
  RNAWSCognito: 9f5a5c4947dc94c94b3b5a06ac5874124adba400
  RNCPushNotificationIOS: ec3e8c17cda6a92a0bb97a53ec5ecf5771d94d21
  RNFS: 2bd9eb49dc82fa9676382f0585b992c424cd59df
  RNGestureHandler: dde546180bf24af0b5f737c8ad04b6f3fa51609a
  RNSound: a1d01988e043aed5dbb476c2152b5ffb02446750
  RNSVG: 8ba35cbeb385a52fd960fd28db9d7d18b4c2974f
  RNVectorIcons: a3c395829c56e2cb054a0730126298bf805a2dca
  yoga: 32d7ef1081951e9a35a4c72a7be797598b138a48

PODFILE CHECKSUM: 615ba30bc6bbbb86e0de53670f2c236ab562c79e

COCOAPODS: 1.9.1
